
Microsoft Visual Studio Solution File, Format Version 12.00
# Visual Studio 15
VisualStudioVersion = 15.0.28307.168
MinimumVisualStudioVersion = 10.0.40219.1
Project("{E24C65DC-7377-472B-9ABA-BC803B73C61A}") = "taadfw", ".", "{5689F6CB-821A-4B12-A8D4-3BEE30F7B978}"
	ProjectSection(WebsiteProperties) = preProject
		TargetFrameworkMoniker = ".NETFramework,Version%3Dv4.0"
		Debug.AspNetCompiler.VirtualPath = "/localhost_61894"
		Debug.AspNetCompiler.PhysicalPath = "..\..\..\..\..\sites\taadfw\"
		Debug.AspNetCompiler.TargetPath = "PrecompiledWeb\localhost_61894\"
		Debug.AspNetCompiler.Updateable = "true"
		Debug.AspNetCompiler.ForceOverwrite = "true"
		Debug.AspNetCompiler.FixedNames = "false"
		Debug.AspNetCompiler.Debug = "True"
		Release.AspNetCompiler.VirtualPath = "/localhost_61894"
		Release.AspNetCompiler.PhysicalPath = "..\..\..\..\..\sites\taadfw\"
		Release.AspNetCompiler.TargetPath = "PrecompiledWeb\localhost_61894\"
		Release.AspNetCompiler.Updateable = "true"
		Release.AspNetCompiler.ForceOverwrite = "true"
		Release.AspNetCompiler.FixedNames = "false"
		Release.AspNetCompiler.Debug = "False"
		VWDPort = "61894"
	EndProjectSection
EndProject
Global
	GlobalSection(SolutionConfigurationPlatforms) = preSolution
		Debug|Any CPU = Debug|Any CPU
	EndGlobalSection
	GlobalSection(ProjectConfigurationPlatforms) = postSolution
		{5689F6CB-821A-4B12-A8D4-3BEE30F7B978}.Debug|Any CPU.ActiveCfg = Debug|Any CPU
		{5689F6CB-821A-4B12-A8D4-3BEE30F7B978}.Debug|Any CPU.Build.0 = Debug|Any CPU
	EndGlobalSection
	GlobalSection(SolutionProperties) = preSolution
		HideSolutionNode = FALSE
	EndGlobalSection
	GlobalSection(ExtensibilityGlobals) = postSolution
		SolutionGuid = {0BB6EC4D-BDF3-4618-8413-57137481FAAC}
	EndGlobalSection
EndGlobal
